
Microsoft Visual Studio Solution File, Format Version 12.00
# Visual Studio Version 17
VisualStudioVersion = 17.14.37328.6 d17.14
MinimumVisualStudioVersion = 10.0.40219.1
Project("{FAE04EC0-301F-11D3-BF4B-00C04F79EFBC}") = "Curse 14 project1Solution", "Curse 14 project1Solution.csproj", "{70644D8F-7056-4FA3-BCC3-5122D8AB89D5}"
EndProject
Global
	GlobalSection(SolutionConfigurationPlatforms) = preSolution
		Debug|Any CPU = Debug|Any CPU
		Release|Any CPU = Release|Any CPU
	EndGlobalSection
	GlobalSection(ProjectConfigurationPlatforms) = postSolution
		{70644D8F-7056-4FA3-BCC3-5122D8AB89D5}.Debug|Any CPU.ActiveCfg = Debug|Any CPU
		{70644D8F-7056-4FA3-BCC3-5122D8AB89D5}.Debug|Any CPU.Build.0 = Debug|Any CPU
		{70644D8F-7056-4FA3-BCC3-5122D8AB89D5}.Release|Any CPU.ActiveCfg = Release|Any CPU
		{70644D8F-7056-4FA3-BCC3-5122D8AB89D5}.Release|Any CPU.Build.0 = Release|Any CPU
	EndGlobalSection
	GlobalSection(SolutionProperties) = preSolution
		HideSolutionNode = FALSE
	EndGlobalSection
	GlobalSection(ExtensibilityGlobals) = postSolution
		SolutionGuid = {713B798E-6AC1-4AD5-B789-C0DE305F34F9}
	EndGlobalSection
EndGlobal
